// !$*UTF8*$!
{
	archiveVersion = 1;
	classes = {
	};
	objectVersion = 56;
	objects = {

/* Begin PBXBuildFile section */
		1C2272F029D971D900C8E950 /* TeamsViewModel.swift in Sources */ = {isa = PBXBuildFile; fileRef = 1C2272EC29D971D900C8E950 /* TeamsViewModel.swift */; };
		1C2272F129D971D900C8E950 /* Teams.swift in Sources */ = {isa = PBXBuildFile; fileRef = 1C2272ED29D971D900C8E950 /* Teams.swift */; };
		1C2272F229D971D900C8E950 /* TeamAPI.swift in Sources */ = {isa = PBXBuildFile; fileRef = 1C2272EE29D971D900C8E950 /* TeamAPI.swift */; };
		1C2272F329D971D900C8E950 /* TeamDetailViewController.swift in Sources */ = {isa = PBXBuildFile; fileRef = 1C2272EF29D971D900C8E950 /* TeamDetailViewController.swift */; };
		1C6253FB29D6E2EA007B5F8B /* SnapshotTesting in Frameworks */ = {isa = PBXBuildFile; productRef = 1C6253FA29D6E2EA007B5F8B /* SnapshotTesting */; };
		1C8AE52029D581F500A3989B /* AppDelegate.swift in Sources */ = {isa = PBXBuildFile; fileRef = 1C8AE51F29D581F500A3989B /* AppDelegate.swift */; };
		1C8AE52229D581F500A3989B /* SceneDelegate.swift in Sources */ = {isa = PBXBuildFile; fileRef = 1C8AE52129D581F500A3989B /* SceneDelegate.swift */; };
		1C8AE52429D581F500A3989B /* ViewController.swift in Sources */ = {isa = PBXBuildFile; fileRef = 1C8AE52329D581F500A3989B /* ViewController.swift */; };
		1C8AE52729D581F500A3989B /* Main.storyboard in Resources */ = {isa = PBXBuildFile; fileRef = 1C8AE52529D581F500A3989B /* Main.storyboard */; };
		1C8AE52A29D581F500A3989B /* FootballApp.xcdatamodeld in Sources */ = {isa = PBXBuildFile; fileRef = 1C8AE52829D581F500A3989B /* FootballApp.xcdatamodeld */; };
		1C8AE52C29D581F600A3989B /* Assets.xcassets in Resources */ = {isa = PBXBuildFile; fileRef = 1C8AE52B29D581F600A3989B /* Assets.xcassets */; };
		1C8AE52F29D581F600A3989B /* LaunchScreen.storyboard in Resources */ = {isa = PBXBuildFile; fileRef = 1C8AE52D29D581F600A3989B /* LaunchScreen.storyboard */; };
		1C8AE53A29D581F700A3989B /* FootballAppTests.swift in Sources */ = {isa = PBXBuildFile; fileRef = 1C8AE53929D581F700A3989B /* FootballAppTests.swift */; };
		1C8AE54429D581F700A3989B /* FootballAppUITests.swift in Sources */ = {isa = PBXBuildFile; fileRef = 1C8AE54329D581F700A3989B /* FootballAppUITests.swift */; };
		1C8AE54629D581F700A3989B /* FootballAppUITestsLaunchTests.swift in Sources */ = {isa = PBXBuildFile; fileRef = 1C8AE54529D581F700A3989B /* FootballAppUITestsLaunchTests.swift */; };
		1C8AE55629D583AE00A3989B /* Matches.swift in Sources */ = {isa = PBXBuildFile; fileRef = 1C8AE55529D583AE00A3989B /* Matches.swift */; };
		1C8AE55D29D5841800A3989B /* MatchesViewModel.swift in Sources */ = {isa = PBXBuildFile; fileRef = 1C8AE55C29D5841800A3989B /* MatchesViewModel.swift */; };
		1C8AE55F29D5850A00A3989B /* README.md in Resources */ = {isa = PBXBuildFile; fileRef = 1C8AE55E29D5850A00A3989B /* README.md */; };
		1C8AE56329D586E700A3989B /* MatchCell.swift in Sources */ = {isa = PBXBuildFile; fileRef = 1C8AE56229D586E700A3989B /* MatchCell.swift */; };
		1C8AE56729D58C6800A3989B /* MatchesViewController.swift in Sources */ = {isa = PBXBuildFile; fileRef = 1C8AE56629D58C6800A3989B /* MatchesViewController.swift */; };
		1C8AE56F29D58DED00A3989B /* MatchAPI.swift in Sources */ = {isa = PBXBuildFile; fileRef = 1C8AE56E29D58DED00A3989B /* MatchAPI.swift */; };
		1C8AE57229D58E1500A3989B /* Defines.swift in Sources */ = {isa = PBXBuildFile; fileRef = 1C8AE57129D58E1500A3989B /* Defines.swift */; };
		1CA5F2C829D68F45009F9A46 /* SDWebImage in Frameworks */ = {isa = PBXBuildFile; productRef = 1CA5F2C729D68F45009F9A46 /* SDWebImage */; };
		1CF1958729D9652E007E310A /* WatchHighlightsViewController.swift in Sources */ = {isa = PBXBuildFile; fileRef = 1CF1958629D9652E007E310A /* WatchHighlightsViewController.swift */; };
/* End PBXBuildFile section */

/* Begin PBXContainerItemProxy section */
		1C8AE53629D581F700A3989B /* PBXContainerItemProxy */ = {
			isa = PBXContainerItemProxy;
			containerPortal = 1C8AE51429D581F500A3989B /* Project object */;
			proxyType = 1;
			remoteGlobalIDString = 1C8AE51B29D581F500A3989B;
			remoteInfo = FootballApp;
		};
		1C8AE54029D581F700A3989B /* PBXContainerItemProxy */ = {
			isa = PBXContainerItemProxy;
			containerPortal = 1C8AE51429D581F500A3989B /* Project object */;
			proxyType = 1;
			remoteGlobalIDString = 1C8AE51B29D581F500A3989B;
			remoteInfo = FootballApp;
		};
/* End PBXContainerItemProxy section */

/* Begin PBXFileReference section */
		1C2272EC29D971D900C8E950 /* TeamsViewModel.swift */ = {isa = PBXFileReference; fileEncoding = 4; lastKnownFileType = sourcecode.swift; name = TeamsViewModel.swift; path = FootballTeam/FootballTeam/Sources/FootballTeam/TeamsViewModel.swift; sourceTree = SOURCE_ROOT; };
		1C2272ED29D971D900C8E950 /* Teams.swift */ = {isa = PBXFileReference; fileEncoding = 4; lastKnownFileType = sourcecode.swift; name = Teams.swift; path = FootballTeam/FootballTeam/Sources/FootballTeam/Teams.swift; sourceTree = SOURCE_ROOT; };
		1C2272EE29D971D900C8E950 /* TeamAPI.swift */ = {isa = PBXFileReference; fileEncoding = 4; lastKnownFileType = sourcecode.swift; name = TeamAPI.swift; path = FootballTeam/FootballTeam/Sources/FootballTeam/TeamAPI.swift; sourceTree = SOURCE_ROOT; };
		1C2272EF29D971D900C8E950 /* TeamDetailViewController.swift */ = {isa = PBXFileReference; fileEncoding = 4; lastKnownFileType = sourcecode.swift; name = TeamDetailViewController.swift; path = FootballTeam/FootballTeam/Sources/FootballTeam/TeamDetailViewController.swift; sourceTree = SOURCE_ROOT; };
		1C8AE51C29D581F500A3989B /* FootballApp.app */ = {isa = PBXFileReference; explicitFileType = wrapper.application; includeInIndex = 0; path = FootballApp.app; sourceTree = BUILT_PRODUCTS_DIR; };
		1C8AE51F29D581F500A3989B /* AppDelegate.swift */ = {isa = PBXFileReference; lastKnownFileType = sourcecode.swift; path = AppDelegate.swift; sourceTree = "<group>"; };
		1C8AE52129D581F500A3989B /* SceneDelegate.swift */ = {isa = PBXFileReference; lastKnownFileType = sourcecode.swift; path = SceneDelegate.swift; sourceTree = "<group>"; };
		1C8AE52329D581F500A3989B /* ViewController.swift */ = {isa = PBXFileReference; lastKnownFileType = sourcecode.swift; path = ViewController.swift; sourceTree = "<group>"; };
		1C8AE52629D581F500A3989B /* Base */ = {isa = PBXFileReference; lastKnownFileType = file.storyboard; name = Base; path = Base.lproj/Main.storyboard; sourceTree = "<group>"; };
		1C8AE52929D581F500A3989B /* FootballApp.xcdatamodel */ = {isa = PBXFileReference; lastKnownFileType = wrapper.xcdatamodel; path = FootballApp.xcdatamodel; sourceTree = "<group>"; };
		1C8AE52B29D581F600A3989B /* Assets.xcassets */ = {isa = PBXFileReference; lastKnownFileType = folder.assetcatalog; path = Assets.xcassets; sourceTree = "<group>"; };
		1C8AE52E29D581F600A3989B /* Base */ = {isa = PBXFileReference; lastKnownFileType = file.storyboard; name = Base; path = Base.lproj/LaunchScreen.storyboard; sourceTree = "<group>"; };
		1C8AE53029D581F600A3989B /* Info.plist */ = {isa = PBXFileReference; lastKnownFileType = text.plist.xml; path = Info.plist; sourceTree = "<group>"; };
		1C8AE53529D581F700A3989B /* FootballAppTests.xctest */ = {isa = PBXFileReference; explicitFileType = wrapper.cfbundle; includeInIndex = 0; path = FootballAppTests.xctest; sourceTree = BUILT_PRODUCTS_DIR; };
		1C8AE53929D581F700A3989B /* FootballAppTests.swift */ = {isa = PBXFileReference; lastKnownFileType = sourcecode.swift; path = FootballAppTests.swift; sourceTree = "<group>"; };
		1C8AE53F29D581F700A3989B /* FootballAppUITests.xctest */ = {isa = PBXFileReference; explicitFileType = wrapper.cfbundle; includeInIndex = 0; path = FootballAppUITests.xctest; sourceTree = BUILT_PRODUCTS_DIR; };
		1C8AE54329D581F700A3989B /* FootballAppUITests.swift */ = {isa = PBXFileReference; lastKnownFileType = sourcecode.swift; path = FootballAppUITests.swift; sourceTree = "<group>"; };
		1C8AE54529D581F700A3989B /* FootballAppUITestsLaunchTests.swift */ = {isa = PBXFileReference; lastKnownFileType = sourcecode.swift; path = FootballAppUITestsLaunchTests.swift; sourceTree = "<group>"; };
		1C8AE55529D583AE00A3989B /* Matches.swift */ = {isa = PBXFileReference; lastKnownFileType = sourcecode.swift; path = Matches.swift; sourceTree = "<group>"; };
		1C8AE55C29D5841800A3989B /* MatchesViewModel.swift */ = {isa = PBXFileReference; lastKnownFileType = sourcecode.swift; path = MatchesViewModel.swift; sourceTree = "<group>"; };
		1C8AE55E29D5850A00A3989B /* README.md */ = {isa = PBXFileReference; lastKnownFileType = net.daringfireball.markdown; path = README.md; sourceTree = "<group>"; };
		1C8AE56229D586E700A3989B /* MatchCell.swift */ = {isa = PBXFileReference; lastKnownFileType = sourcecode.swift; path = MatchCell.swift; sourceTree = "<group>"; };
		1C8AE56629D58C6800A3989B /* MatchesViewController.swift */ = {isa = PBXFileReference; lastKnownFileType = sourcecode.swift; path = MatchesViewController.swift; sourceTree = "<group>"; };
		1C8AE56E29D58DED00A3989B /* MatchAPI.swift */ = {isa = PBXFileReference; lastKnownFileType = sourcecode.swift; path = MatchAPI.swift; sourceTree = "<group>"; };
		1C8AE57129D58E1500A3989B /* Defines.swift */ = {isa = PBXFileReference; lastKnownFileType = sourcecode.swift; path = Defines.swift; sourceTree = "<group>"; };
		1CF1958629D9652E007E310A /* WatchHighlightsViewController.swift */ = {isa = PBXFileReference; lastKnownFileType = sourcecode.swift; path = WatchHighlightsViewController.swift; sourceTree = "<group>"; };
		1CF1958A29D970A8007E310A /* FootballTeam */ = {isa = PBXFileReference; lastKnownFileType = wrapper; name = FootballTeam; path = FootballTeam/FootballTeam; sourceTree = "<group>"; };
/* End PBXFileReference section */

/* Begin PBXFrameworksBuildPhase section */
		1C8AE51929D581F500A3989B /* Frameworks */ = {
			isa = PBXFrameworksBuildPhase;
			buildActionMask = 2147483647;
			files = (
				1CA5F2C829D68F45009F9A46 /* SDWebImage in Frameworks */,
			);
			runOnlyForDeploymentPostprocessing = 0;
		};
		1C8AE53229D581F700A3989B /* Frameworks */ = {
			isa = PBXFrameworksBuildPhase;
			buildActionMask = 2147483647;
			files = (
				1C6253FB29D6E2EA007B5F8B /* SnapshotTesting in Frameworks */,
			);
			runOnlyForDeploymentPostprocessing = 0;
		};
		1C8AE53C29D581F700A3989B /* Frameworks */ = {
			isa = PBXFrameworksBuildPhase;
			buildActionMask = 2147483647;
			files = (
			);
			runOnlyForDeploymentPostprocessing = 0;
		};
/* End PBXFrameworksBuildPhase section */

/* Begin PBXGroup section */
		1C8AE51329D581F500A3989B = {
			isa = PBXGroup;
			children = (
				1CF1958A29D970A8007E310A /* FootballTeam */,
				1C8AE55E29D5850A00A3989B /* README.md */,
				1C8AE51E29D581F500A3989B /* FootballApp */,
				1C8AE53829D581F700A3989B /* FootballAppTests */,
				1C8AE54229D581F700A3989B /* FootballAppUITests */,
				1C8AE51D29D581F500A3989B /* Products */,
			);
			sourceTree = "<group>";
		};
		1C8AE51D29D581F500A3989B /* Products */ = {
			isa = PBXGroup;
			children = (
				1C8AE51C29D581F500A3989B /* FootballApp.app */,
				1C8AE53529D581F700A3989B /* FootballAppTests.xctest */,
				1C8AE53F29D581F700A3989B /* FootballAppUITests.xctest */,
			);
			name = Products;
			sourceTree = "<group>";
		};
		1C8AE51E29D581F500A3989B /* FootballApp */ = {
			isa = PBXGroup;
			children = (
				1C8AE57029D58E0700A3989B /* Common */,
				1C8AE56D29D58D9D00A3989B /* Match */,
				1C8AE56C29D58D9000A3989B /* Team */,
				1C8AE51F29D581F500A3989B /* AppDelegate.swift */,
				1C8AE52129D581F500A3989B /* SceneDelegate.swift */,
				1C8AE52329D581F500A3989B /* ViewController.swift */,
				1C8AE52529D581F500A3989B /* Main.storyboard */,
				1C8AE52B29D581F600A3989B /* Assets.xcassets */,
				1C8AE52D29D581F600A3989B /* LaunchScreen.storyboard */,
				1C8AE53029D581F600A3989B /* Info.plist */,
				1C8AE52829D581F500A3989B /* FootballApp.xcdatamodeld */,
			);
			path = FootballApp;
			sourceTree = "<group>";
		};
		1C8AE53829D581F700A3989B /* FootballAppTests */ = {
			isa = PBXGroup;
			children = (
				1C8AE53929D581F700A3989B /* FootballAppTests.swift */,
			);
			path = FootballAppTests;
			sourceTree = "<group>";
		};
		1C8AE54229D581F700A3989B /* FootballAppUITests */ = {
			isa = PBXGroup;
			children = (
				1C8AE54329D581F700A3989B /* FootballAppUITests.swift */,
				1C8AE54529D581F700A3989B /* FootballAppUITestsLaunchTests.swift */,
			);
			path = FootballAppUITests;
			sourceTree = "<group>";
		};
		1C8AE56C29D58D9000A3989B /* Team */ = {
			isa = PBXGroup;
			children = (
				1C2272EE29D971D900C8E950 /* TeamAPI.swift */,
				1C2272EF29D971D900C8E950 /* TeamDetailViewController.swift */,
				1C2272ED29D971D900C8E950 /* Teams.swift */,
				1C2272EC29D971D900C8E950 /* TeamsViewModel.swift */,
			);
			path = Team;
			sourceTree = "<group>";
		};
		1C8AE56D29D58D9D00A3989B /* Match */ = {
			isa = PBXGroup;
			children = (
				1C8AE55529D583AE00A3989B /* Matches.swift */,
				1C8AE56E29D58DED00A3989B /* MatchAPI.swift */,
				1C8AE56229D586E700A3989B /* MatchCell.swift */,
				1C8AE56629D58C6800A3989B /* MatchesViewController.swift */,
				1C8AE55C29D5841800A3989B /* MatchesViewModel.swift */,
				1CF1958629D9652E007E310A /* WatchHighlightsViewController.swift */,
			);
			path = Match;
			sourceTree = "<group>";
		};
		1C8AE57029D58E0700A3989B /* Common */ = {
			isa = PBXGroup;
			children = (
				1C8AE57129D58E1500A3989B /* Defines.swift */,
			);
			path = Common;
			sourceTree = "<group>";
		};
/* End PBXGroup section */

/* Begin PBXNativeTarget section */
		1C8AE51B29D581F500A3989B /* FootballApp */ = {
			isa = PBXNativeTarget;
			buildConfigurationList = 1C8AE54929D581F700A3989B /* Build configuration list for PBXNativeTarget "FootballApp" */;
			buildPhases = (
				1C8AE51829D581F500A3989B /* Sources */,
				1C8AE51929D581F500A3989B /* Frameworks */,
				1C8AE51A29D581F500A3989B /* Resources */,
			);
			buildRules = (
			);
			dependencies = (
			);
			name = FootballApp;
			packageProductDependencies = (
				1CA5F2C729D68F45009F9A46 /* SDWebImage */,
			);
			productName = FootballApp;
			productReference = 1C8AE51C29D581F500A3989B /* FootballApp.app */;
			productType = "com.apple.product-type.application";
		};
		1C8AE53429D581F700A3989B /* FootballAppTests */ = {
			isa = PBXNativeTarget;
			buildConfigurationList = 1C8AE54C29D581F700A3989B /* Build configuration list for PBXNativeTarget "FootballAppTests" */;
			buildPhases = (
				1C8AE53129D581F700A3989B /* Sources */,
				1C8AE53229D581F700A3989B /* Frameworks */,
				1C8AE53329D581F700A3989B /* Resources */,
			);
			buildRules = (
			);
			dependencies = (
				1C8AE53729D581F700A3989B /* PBXTargetDependency */,
			);
			name = FootballAppTests;
			packageProductDependencies = (
				1C6253FA29D6E2EA007B5F8B /* SnapshotTesting */,
			);
			productName = FootballAppTests;
			productReference = 1C8AE53529D581F700A3989B /* FootballAppTests.xctest */;
			productType = "com.apple.product-type.bundle.unit-test";
		};
		1C8AE53E29D581F700A3989B /* FootballAppUITests */ = {
			isa = PBXNativeTarget;
			buildConfigurationList = 1C8AE54F29D581F700A3989B /* Build configuration list for PBXNativeTarget "FootballAppUITests" */;
			buildPhases = (
				1C8AE53B29D581F700A3989B /* Sources */,
				1C8AE53C29D581F700A3989B /* Frameworks */,
				1C8AE53D29D581F700A3989B /* Resources */,
			);
			buildRules = (
			);
			dependencies = (
				1C8AE54129D581F700A3989B /* PBXTargetDependency */,
			);
			name = FootballAppUITests;
			productName = FootballAppUITests;
			productReference = 1C8AE53F29D581F700A3989B /* FootballAppUITests.xctest */;
			productType = "com.apple.product-type.bundle.ui-testing";
		};
/* End PBXNativeTarget section */

/* Begin PBXProject section */
		1C8AE51429D581F500A3989B /* Project object */ = {
			isa = PBXProject;
			attributes = {
				BuildIndependentTargetsInParallel = 1;
				LastSwiftUpdateCheck = 1420;
				LastUpgradeCheck = 1420;
				TargetAttributes = {
					1C8AE51B29D581F500A3989B = {
						CreatedOnToolsVersion = 14.2;
					};
					1C8AE53429D581F700A3989B = {
						CreatedOnToolsVersion = 14.2;
						TestTargetID = 1C8AE51B29D581F500A3989B;
					};
					1C8AE53E29D581F700A3989B = {
						CreatedOnToolsVersion = 14.2;
						TestTargetID = 1C8AE51B29D581F500A3989B;
					};
				};
			};
			buildConfigurationList = 1C8AE51729D581F500A3989B /* Build configuration list for PBXProject "FootballApp" */;
			compatibilityVersion = "Xcode 14.0";
			developmentRegion = en;
			hasScannedForEncodings = 0;
			knownRegions = (
				en,
				Base,
			);
			mainGroup = 1C8AE51329D581F500A3989B;
			packageReferences = (
				1CA5F2C629D68F45009F9A46 /* XCRemoteSwiftPackageReference "SDWebImage" */,
				1C6253F929D6E2EA007B5F8B /* XCRemoteSwiftPackageReference "swift-snapshot-testing" */,
			);
			productRefGroup = 1C8AE51D29D581F500A3989B /* Products */;
			projectDirPath = "";
			projectRoot = "";
			targets = (
				1C8AE51B29D581F500A3989B /* FootballApp */,
				1C8AE53429D581F700A3989B /* FootballAppTests */,
				1C8AE53E29D581F700A3989B /* FootballAppUITests */,
			);
		};
/* End PBXProject section */

/* Begin PBXResourcesBuildPhase section */
		1C8AE51A29D581F500A3989B /* Resources */ = {
			isa = PBXResourcesBuildPhase;
			buildActionMask = 2147483647;
			files = (
				1C8AE52F29D581F600A3989B /* LaunchScreen.storyboard in Resources */,
				1C8AE52C29D581F600A3989B /* Assets.xcassets in Resources */,
				1C8AE52729D581F500A3989B /* Main.storyboard in Resources */,
				1C8AE55F29D5850A00A3989B /* README.md in Resources */,
			);
			runOnlyForDeploymentPostprocessing = 0;
		};
		1C8AE53329D581F700A3989B /* Resources */ = {
			isa = PBXResourcesBuildPhase;
			buildActionMask = 2147483647;
			files = (
			);
			runOnlyForDeploymentPostprocessing = 0;
		};
		1C8AE53D29D581F700A3989B /* Resources */ = {
			isa = PBXResourcesBuildPhase;
			buildActionMask = 2147483647;
			files = (
			);
			runOnlyForDeploymentPostprocessing = 0;
		};
/* End PBXResourcesBuildPhase section */

/* Begin PBXSourcesBuildPhase section */
		1C8AE51829D581F500A3989B /* Sources */ = {
			isa = PBXSourcesBuildPhase;
			buildActionMask = 2147483647;
			files = (
				1C8AE52A29D581F500A3989B /* FootballApp.xcdatamodeld in Sources */,
				1C8AE52429D581F500A3989B /* ViewController.swift in Sources */,
				1C8AE52029D581F500A3989B /* AppDelegate.swift in Sources */,
				1C2272F229D971D900C8E950 /* TeamAPI.swift in Sources */,
				1C8AE52229D581F500A3989B /* SceneDelegate.swift in Sources */,
				1C8AE56F29D58DED00A3989B /* MatchAPI.swift in Sources */,
				1C2272F029D971D900C8E950 /* TeamsViewModel.swift in Sources */,
				1C8AE56729D58C6800A3989B /* MatchesViewController.swift in Sources */,
				1C2272F129D971D900C8E950 /* Teams.swift in Sources */,
				1C8AE57229D58E1500A3989B /* Defines.swift in Sources */,
				1C2272F329D971D900C8E950 /* TeamDetailViewController.swift in Sources */,
				1C8AE56329D586E700A3989B /* MatchCell.swift in Sources */,
				1C8AE55629D583AE00A3989B /* Matches.swift in Sources */,
				1CF1958729D9652E007E310A /* WatchHighlightsViewController.swift in Sources */,
				1C8AE55D29D5841800A3989B /* MatchesViewModel.swift in Sources */,
			);
			runOnlyForDeploymentPostprocessing = 0;
		};
		1C8AE53129D581F700A3989B /* Sources */ = {
			isa = PBXSourcesBuildPhase;
			buildActionMask = 2147483647;
			files = (
				1C8AE53A29D581F700A3989B /* FootballAppTests.swift in Sources */,
			);
			runOnlyForDeploymentPostprocessing = 0;
		};
		1C8AE53B29D581F700A3989B /* Sources */ = {
			isa = PBXSourcesBuildPhase;
			buildActionMask = 2147483647;
			files = (
				1C8AE54429D581F700A3989B /* FootballAppUITests.swift in Sources */,
				1C8AE54629D581F700A3989B /* FootballAppUITestsLaunchTests.swift in Sources */,
			);
			runOnlyForDeploymentPostprocessing = 0;
		};
/* End PBXSourcesBuildPhase section */

/* Begin PBXTargetDependency section */
		1C8AE53729D581F700A3989B /* PBXTargetDependency */ = {
			isa = PBXTargetDependency;
			target = 1C8AE51B29D581F500A3989B /* FootballApp */;
			targetProxy = 1C8AE53629D581F700A3989B /* PBXContainerItemProxy */;
		};
		1C8AE54129D581F700A3989B /* PBXTargetDependency */ = {
			isa = PBXTargetDependency;
			target = 1C8AE51B29D581F500A3989B /* FootballApp */;
			targetProxy = 1C8AE54029D581F700A3989B /* PBXContainerItemProxy */;
		};
/* End PBXTargetDependency section */

/* Begin PBXVariantGroup section */
		1C8AE52529D581F500A3989B /* Main.storyboard */ = {
			isa = PBXVariantGroup;
			children = (
				1C8AE52629D581F500A3989B /* Base */,
			);
			name = Main.storyboard;
			sourceTree = "<group>";
		};
		1C8AE52D29D581F600A3989B /* LaunchScreen.storyboard */ = {
			isa = PBXVariantGroup;
			children = (
				1C8AE52E29D581F600A3989B /* Base */,
			);
			name = LaunchScreen.storyboard;
			sourceTree = "<group>";
		};
/* End PBXVariantGroup section */

/* Begin XCBuildConfiguration section */
		1C8AE54729D581F700A3989B /* Debug */ = {
			isa = XCBuildConfiguration;
			buildSettings = {
				ALWAYS_SEARCH_USER_PATHS = NO;
				CLANG_ANALYZER_NONNULL = YES;
				CLANG_ANALYZER_NUMBER_OBJECT_CONVERSION = YES_AGGRESSIVE;
				CLANG_CXX_LANGUAGE_STANDARD = "gnu++20";
				CLANG_ENABLE_MODULES = YES;
				CLANG_ENABLE_OBJC_ARC = YES;
				CLANG_ENABLE_OBJC_WEAK = YES;
				CLANG_WARN_BLOCK_CAPTURE_AUTORELEASING = YES;
				CLANG_WARN_BOOL_CONVERSION = YES;
				CLANG_WARN_COMMA = YES;
				CLANG_WARN_CONSTANT_CONVERSION = YES;
				CLANG_WARN_DEPRECATED_OBJC_IMPLEMENTATIONS = YES;
				CLANG_WARN_DIRECT_OBJC_ISA_USAGE = YES_ERROR;
				CLANG_WARN_DOCUMENTATION_COMMENTS = YES;
				CLANG_WARN_EMPTY_BODY = YES;
				CLANG_WARN_ENUM_CONVERSION = YES;
				CLANG_WARN_INFINITE_RECURSION = YES;
				CLANG_WARN_INT_CONVERSION = YES;
				CLANG_WARN_NON_LITERAL_NULL_CONVERSION = YES;
				CLANG_WARN_OBJC_IMPLICIT_RETAIN_SELF = YES;
				CLANG_WARN_OBJC_LITERAL_CONVERSION = YES;
				CLANG_WARN_OBJC_ROOT_CLASS = YES_ERROR;
				CLANG_WARN_QUOTED_INCLUDE_IN_FRAMEWORK_HEADER = YES;
				CLANG_WARN_RANGE_LOOP_ANALYSIS = YES;
				CLANG_WARN_STRICT_PROTOTYPES = YES;
				CLANG_WARN_SUSPICIOUS_MOVE = YES;
				CLANG_WARN_UNGUARDED_AVAILABILITY = YES_AGGRESSIVE;
				CLANG_WARN_UNREACHABLE_CODE = YES;
				CLANG_WARN__DUPLICATE_METHOD_MATCH = YES;
				COPY_PHASE_STRIP = NO;
				DEBUG_INFORMATION_FORMAT = dwarf;
				ENABLE_STRICT_OBJC_MSGSEND = YES;
				ENABLE_TESTABILITY = YES;
				GCC_C_LANGUAGE_STANDARD = gnu11;
				GCC_DYNAMIC_NO_PIC = NO;
				GCC_NO_COMMON_BLOCKS = YES;
				GCC_OPTIMIZATION_LEVEL = 0;
				GCC_PREPROCESSOR_DEFINITIONS = (
					"DEBUG=1",
					"$(inherited)",
				);
				GCC_WARN_64_TO_32_BIT_CONVERSION = YES;
				GCC_WARN_ABOUT_RETURN_TYPE = YES_ERROR;
				GCC_WARN_UNDECLARED_SELECTOR = YES;
				GCC_WARN_UNINITIALIZED_AUTOS = YES_AGGRESSIVE;
				GCC_WARN_UNUSED_FUNCTION = YES;
				GCC_WARN_UNUSED_VARIABLE = YES;
				IPHONEOS_DEPLOYMENT_TARGET = 16.2;
				MTL_ENABLE_DEBUG_INFO = INCLUDE_SOURCE;
				MTL_FAST_MATH = YES;
				ONLY_ACTIVE_ARCH = YES;
				SDKROOT = iphoneos;
				SWIFT_ACTIVE_COMPILATION_CONDITIONS = DEBUG;
				SWIFT_OPTIMIZATION_LEVEL = "-Onone";
			};
			name = Debug;
		};
		1C8AE54829D581F700A3989B /* Release */ = {
			isa = XCBuildConfiguration;
			buildSettings = {
				ALWAYS_SEARCH_USER_PATHS = NO;
				CLANG_ANALYZER_NONNULL = YES;
				CLANG_ANALYZER_NUMBER_OBJECT_CONVERSION = YES_AGGRESSIVE;
				CLANG_CXX_LANGUAGE_STANDARD = "gnu++20";
				CLANG_ENABLE_MODULES = YES;
				CLANG_ENABLE_OBJC_ARC = YES;
				CLANG_ENABLE_OBJC_WEAK = YES;
				CLANG_WARN_BLOCK_CAPTURE_AUTORELEASING = YES;
				CLANG_WARN_BOOL_CONVERSION = YES;
				CLANG_WARN_COMMA = YES;
				CLANG_WARN_CONSTANT_CONVERSION = YES;
				CLANG_WARN_DEPRECATED_OBJC_IMPLEMENTATIONS = YES;
				CLANG_WARN_DIRECT_OBJC_ISA_USAGE = YES_ERROR;
				CLANG_WARN_DOCUMENTATION_COMMENTS = YES;
				CLANG_WARN_EMPTY_BODY = YES;
				CLANG_WARN_ENUM_CONVERSION = YES;
				CLANG_WARN_INFINITE_RECURSION = YES;
				CLANG_WARN_INT_CONVERSION = YES;
				CLANG_WARN_NON_LITERAL_NULL_CONVERSION = YES;
				CLANG_WARN_OBJC_IMPLICIT_RETAIN_SELF = YES;
				CLANG_WARN_OBJC_LITERAL_CONVERSION = YES;
				CLANG_WARN_OBJC_ROOT_CLASS = YES_ERROR;
				CLANG_WARN_QUOTED_INCLUDE_IN_FRAMEWORK_HEADER = YES;
				CLANG_WARN_RANGE_LOOP_ANALYSIS = YES;
				CLANG_WARN_STRICT_PROTOTYPES = YES;
				CLANG_WARN_SUSPICIOUS_MOVE = YES;
				CLANG_WARN_UNGUARDED_AVAILABILITY = YES_AGGRESSIVE;
				CLANG_WARN_UNREACHABLE_CODE = YES;
				CLANG_WARN__DUPLICATE_METHOD_MATCH = YES;
				COPY_PHASE_STRIP = NO;
				DEBUG_INFORMATION_FORMAT = "dwarf-with-dsym";
				ENABLE_NS_ASSERTIONS = NO;
				ENABLE_STRICT_OBJC_MSGSEND = YES;
				GCC_C_LANGUAGE_STANDARD = gnu11;
				GCC_NO_COMMON_BLOCKS = YES;
				GCC_WARN_64_TO_32_BIT_CONVERSION = YES;
				GCC_WARN_ABOUT_RETURN_TYPE = YES_ERROR;
				GCC_WARN_UNDECLARED_SELECTOR = YES;
				GCC_WARN_UNINITIALIZED_AUTOS = YES_AGGRESSIVE;
				GCC_WARN_UNUSED_FUNCTION = YES;
				GCC_WARN_UNUSED_VARIABLE = YES;
				IPHONEOS_DEPLOYMENT_TARGET = 16.2;
				MTL_ENABLE_DEBUG_INFO = NO;
				MTL_FAST_MATH = YES;
				SDKROOT = iphoneos;
				SWIFT_COMPILATION_MODE = wholemodule;
				SWIFT_OPTIMIZATION_LEVEL = "-O";
				VALIDATE_PRODUCT = YES;
			};
			name = Release;
		};
		1C8AE54A29D581F700A3989B /* Debug */ = {
			isa = XCBuildConfiguration;
			buildSettings = {
				ASSETCATALOG_COMPILER_APPICON_NAME = AppIcon;
				ASSETCATALOG_COMPILER_GLOBAL_ACCENT_COLOR_NAME = AccentColor;
				CODE_SIGN_STYLE = Automatic;
				CURRENT_PROJECT_VERSION = 1;
				DEVELOPMENT_TEAM = 4JWYXYTLDR;
				GENERATE_INFOPLIST_FILE = YES;
				INFOPLIST_FILE = FootballApp/Info.plist;
				INFOPLIST_KEY_CFBundleDisplayName = "Football App";
				INFOPLIST_KEY_LSApplicationCategoryType = "public.app-category.sports";
				INFOPLIST_KEY_UIApplicationSupportsIndirectInputEvents = YES;
				INFOPLIST_KEY_UILaunchStoryboardName = LaunchScreen;
				INFOPLIST_KEY_UIMainStoryboardFile = Main;
				INFOPLIST_KEY_UIRequiresFullScreen = NO;
				INFOPLIST_KEY_UIStatusBarStyle = "";
				INFOPLIST_KEY_UISupportedInterfaceOrientations_iPad = "UIInterfaceOrientationPortrait UIInterfaceOrientationPortraitUpsideDown UIInterfaceOrientationLandscapeLeft UIInterfaceOrientationLandscapeRight";
				INFOPLIST_KEY_UISupportedInterfaceOrientations_iPhone = "UIInterfaceOrientationPortrait UIInterfaceOrientationLandscapeLeft UIInterfaceOrientationLandscapeRight";
				IPHONEOS_DEPLOYMENT_TARGET = 13.0;
				LD_RUNPATH_SEARCH_PATHS = (
					"$(inherited)",
					"@executable_path/Frameworks",
				);
				MARKETING_VERSION = 1.0;
				PRODUCT_BUNDLE_IDENTIFIER = com.kha.FootballApp;
				PRODUCT_NAME = "$(TARGET_NAME)";
				SWIFT_EMIT_LOC_STRINGS = YES;
				SWIFT_VERSION = 5.0;
				TARGETED_DEVICE_FAMILY = "1,2";
			};
			name = Debug;
		};
		1C8AE54B29D581F700A3989B /* Release */ = {
			isa = XCBuildConfiguration;
			buildSettings = {
				ASSETCATALOG_COMPILER_APPICON_NAME = AppIcon;
				ASSETCATALOG_COMPILER_GLOBAL_ACCENT_COLOR_NAME = AccentColor;
				CODE_SIGN_STYLE = Automatic;
				CURRENT_PROJECT_VERSION = 1;
				DEVELOPMENT_TEAM = 4JWYXYTLDR;
				GENERATE_INFOPLIST_FILE = YES;
				INFOPLIST_FILE = FootballApp/Info.plist;
				INFOPLIST_KEY_CFBundleDisplayName = "Football App";
				INFOPLIST_KEY_LSApplicationCategoryType = "public.app-category.sports";
				INFOPLIST_KEY_UIApplicationSupportsIndirectInputEvents = YES;
				INFOPLIST_KEY_UILaunchStoryboardName = LaunchScreen;
				INFOPLIST_KEY_UIMainStoryboardFile = Main;
				INFOPLIST_KEY_UIRequiresFullScreen = NO;
				INFOPLIST_KEY_UIStatusBarStyle = "";
				INFOPLIST_KEY_UISupportedInterfaceOrientations_iPad = "UIInterfaceOrientationPortrait UIInterfaceOrientationPortraitUpsideDown UIInterfaceOrientationLandscapeLeft UIInterfaceOrientationLandscapeRight";
				INFOPLIST_KEY_UISupportedInterfaceOrientations_iPhone = "UIInterfaceOrientationPortrait UIInterfaceOrientationLandscapeLeft UIInterfaceOrientationLandscapeRight";
				IPHONEOS_DEPLOYMENT_TARGET = 13.0;
				LD_RUNPATH_SEARCH_PATHS = (
					"$(inherited)",
					"@executable_path/Frameworks",
				);
				MARKETING_VERSION = 1.0;
				PRODUCT_BUNDLE_IDENTIFIER = com.kha.FootballApp;
				PRODUCT_NAME = "$(TARGET_NAME)";
				SWIFT_EMIT_LOC_STRINGS = YES;
				SWIFT_VERSION = 5.0;
				TARGETED_DEVICE_FAMILY = "1,2";
			};
			name = Release;
		};
		1C8AE54D29D581F700A3989B /* Debug */ = {
			isa = XCBuildConfiguration;
			buildSettings = {
				ALWAYS_EMBED_SWIFT_STANDARD_LIBRARIES = YES;
				BUNDLE_LOADER = "$(TEST_HOST)";
				CODE_SIGN_STYLE = Automatic;
				CURRENT_PROJECT_VERSION = 1;
				DEVELOPMENT_TEAM = 4JWYXYTLDR;
				GENERATE_INFOPLIST_FILE = YES;
				IPHONEOS_DEPLOYMENT_TARGET = 16.2;
				MARKETING_VERSION = 1.0;
				PRODUCT_BUNDLE_IDENTIFIER = com.kha.FootballAppTests;
				PRODUCT_NAME = "$(TARGET_NAME)";
				SWIFT_EMIT_LOC_STRINGS = NO;
				SWIFT_VERSION = 5.0;
				TARGETED_DEVICE_FAMILY = "1,2";
				TEST_HOST = "$(BUILT_PRODUCTS_DIR)/FootballApp.app/$(BUNDLE_EXECUTABLE_FOLDER_PATH)/FootballApp";
			};
			name = Debug;
		};
		1C8AE54E29D581F700A3989B /* Release */ = {
			isa = XCBuildConfiguration;
			buildSettings = {
				ALWAYS_EMBED_SWIFT_STANDARD_LIBRARIES = YES;
				BUNDLE_LOADER = "$(TEST_HOST)";
				CODE_SIGN_STYLE = Automatic;
				CURRENT_PROJECT_VERSION = 1;
				DEVELOPMENT_TEAM = 4JWYXYTLDR;
				GENERATE_INFOPLIST_FILE = YES;
				IPHONEOS_DEPLOYMENT_TARGET = 16.2;
				MARKETING_VERSION = 1.0;
				PRODUCT_BUNDLE_IDENTIFIER = com.kha.FootballAppTests;
				PRODUCT_NAME = "$(TARGET_NAME)";
				SWIFT_EMIT_LOC_STRINGS = NO;
				SWIFT_VERSION = 5.0;
				TARGETED_DEVICE_FAMILY = "1,2";
				TEST_HOST = "$(BUILT_PRODUCTS_DIR)/FootballApp.app/$(BUNDLE_EXECUTABLE_FOLDER_PATH)/FootballApp";
			};
			name = Release;
		};
		1C8AE55029D581F700A3989B /* Debug */ = {
			isa = XCBuildConfiguration;
			buildSettings = {
				ALWAYS_EMBED_SWIFT_STANDARD_LIBRARIES = YES;
				CODE_SIGN_STYLE = Automatic;
				CURRENT_PROJECT_VERSION = 1;
				DEVELOPMENT_TEAM = 4JWYXYTLDR;
				GENERATE_INFOPLIST_FILE = YES;
				MARKETING_VERSION = 1.0;
				PRODUCT_BUNDLE_IDENTIFIER = com.kha.FootballAppUITests;
				PRODUCT_NAME = "$(TARGET_NAME)";
				SWIFT_EMIT_LOC_STRINGS = NO;
				SWIFT_VERSION = 5.0;
				TARGETED_DEVICE_FAMILY = "1,2";
				TEST_TARGET_NAME = FootballApp;
			};
			name = Debug;
		};
		1C8AE55129D581F700A3989B /* Release */ = {
			isa = XCBuildConfiguration;
			buildSettings = {
				ALWAYS_EMBED_SWIFT_STANDARD_LIBRARIES = YES;
				CODE_SIGN_STYLE = Automatic;
				CURRENT_PROJECT_VERSION = 1;
				DEVELOPMENT_TEAM = 4JWYXYTLDR;
				GENERATE_INFOPLIST_FILE = YES;
				MARKETING_VERSION = 1.0;
				PRODUCT_BUNDLE_IDENTIFIER = com.kha.FootballAppUITests;
				PRODUCT_NAME = "$(TARGET_NAME)";
				SWIFT_EMIT_LOC_STRINGS = NO;
				SWIFT_VERSION = 5.0;
				TARGETED_DEVICE_FAMILY = "1,2";
				TEST_TARGET_NAME = FootballApp;
			};
			name = Release;
		};
/* End XCBuildConfiguration section */

/* Begin XCConfigurationList section */
		1C8AE51729D581F500A3989B /* Build configuration list for PBXProject "FootballApp" */ = {
			isa = XCConfigurationList;
			buildConfigurations = (
				1C8AE54729D581F700A3989B /* Debug */,
				1C8AE54829D581F700A3989B /* Release */,
			);
			defaultConfigurationIsVisible = 0;
			defaultConfigurationName = Release;
		};
		1C8AE54929D581F700A3989B /* Build configuration list for PBXNativeTarget "FootballApp" */ = {
			isa = XCConfigurationList;
			buildConfigurations = (
				1C8AE54A29D581F700A3989B /* Debug */,
				1C8AE54B29D581F700A3989B /* Release */,
			);
			defaultConfigurationIsVisible = 0;
			defaultConfigurationName = Release;
		};
		1C8AE54C29D581F700A3989B /* Build configuration list for PBXNativeTarget "FootballAppTests" */ = {
			isa = XCConfigurationList;
			buildConfigurations = (
				1C8AE54D29D581F700A3989B /* Debug */,
				1C8AE54E29D581F700A3989B /* Release */,
			);
			defaultConfigurationIsVisible = 0;
			defaultConfigurationName = Release;
		};
		1C8AE54F29D581F700A3989B /* Build configuration list for PBXNativeTarget "FootballAppUITests" */ = {
			isa = XCConfigurationList;
			buildConfigurations = (
				1C8AE55029D581F700A3989B /* Debug */,
				1C8AE55129D581F700A3989B /* Release */,
			);
			defaultConfigurationIsVisible = 0;
			defaultConfigurationName = Release;
		};
/* End XCConfigurationList section */

/* Begin XCRemoteSwiftPackageReference section */
		1C6253F929D6E2EA007B5F8B /* XCRemoteSwiftPackageReference "swift-snapshot-testing" */ = {
			isa = XCRemoteSwiftPackageReference;
			repositoryURL = "https://github.com/pointfreeco/swift-snapshot-testing.git";
			requirement = {
				kind = upToNextMinorVersion;
				minimumVersion = 1.9.0;
			};
		};
		1CA5F2C629D68F45009F9A46 /* XCRemoteSwiftPackageReference "SDWebImage" */ = {
			isa = XCRemoteSwiftPackageReference;
			repositoryURL = "https://github.com/SDWebImage/SDWebImage.git";
			requirement = {
				kind = upToNextMinorVersion;
				minimumVersion = 5.9.0;
			};
		};
/* End XCRemoteSwiftPackageReference section */

/* Begin XCSwiftPackageProductDependency section */
		1C6253FA29D6E2EA007B5F8B /* SnapshotTesting */ = {
			isa = XCSwiftPackageProductDependency;
			package = 1C6253F929D6E2EA007B5F8B /* XCRemoteSwiftPackageReference "swift-snapshot-testing" */;
			productName = SnapshotTesting;
		};
		1CA5F2C729D68F45009F9A46 /* SDWebImage */ = {
			isa = XCSwiftPackageProductDependency;
			package = 1CA5F2C629D68F45009F9A46 /* XCRemoteSwiftPackageReference "SDWebImage" */;
			productName = SDWebImage;
		};
/* End XCSwiftPackageProductDependency section */

/* Begin XCVersionGroup section */
		1C8AE52829D581F500A3989B /* FootballApp.xcdatamodeld */ = {
			isa = XCVersionGroup;
			children = (
				1C8AE52929D581F500A3989B /* FootballApp.xcdatamodel */,
			);
			currentVersion = 1C8AE52929D581F500A3989B /* FootballApp.xcdatamodel */;
			path = FootballApp.xcdatamodeld;
			sourceTree = "<group>";
			versionGroupType = wrapper.xcdatamodel;
		};
/* End XCVersionGroup section */
	};
	rootObject = 1C8AE51429D581F500A3989B /* Project object */;
}
